
Microsoft Visual Studio Solution File, Format Version 12.00
# Visual Studio 15
VisualStudioVersion = 15.0.27703.2047
MinimumVisualStudioVersion = 10.0.40219.1
Project("{FAE04EC0-301F-11D3-BF4B-00C04F79EFBC}") = "NN2MultiSelectOptionSet", "NN2MultiSelectOptionSet\NN2MultiSelectOptionSet.csproj", "{E73306AA-4B1D-40AF-91E3-70D3AF1DF9DD}"
EndProject
Global
	GlobalSection(SolutionConfigurationPlatforms) = preSolution
		Debug|Any CPU = Debug|Any CPU
		Release|Any CPU = Release|Any CPU
	EndGlobalSection
	GlobalSection(ProjectConfigurationPlatforms) = postSolution
		{E73306AA-4B1D-40AF-91E3-70D3AF1DF9DD}.Debug|Any CPU.ActiveCfg = Debug|Any CPU
		{E73306AA-4B1D-40AF-91E3-70D3AF1DF9DD}.Debug|Any CPU.Build.0 = Debug|Any CPU
		{E73306AA-4B1D-40AF-91E3-70D3AF1DF9DD}.Release|Any CPU.ActiveCfg = Release|Any CPU
		{E73306AA-4B1D-40AF-91E3-70D3AF1DF9DD}.Release|Any CPU.Build.0 = Release|Any CPU
	EndGlobalSection
	GlobalSection(SolutionProperties) = preSolution
		HideSolutionNode = FALSE
	EndGlobalSection
	GlobalSection(ExtensibilityGlobals) = postSolution
		SolutionGuid = {10FECA3D-5DA7-4995-A985-D95C52E9E778}
	EndGlobalSection
EndGlobal
